
Microsoft Visual Studio Solution File, Format Version 12.00
Project("{FAE04EC0-301F-11D3-BF4B-00C04F79EFBC}") = "RevitMsiBuilder", "RevitMsiBuilder\RevitMsiBuilder.csproj", "{778195F6-E6B3-4E1C-AEB9-DABB628C4B67}"
EndProject
Global
	GlobalSection(SolutionConfigurationPlatforms) = preSolution
		Debug|Any CPU = Debug|Any CPU
		Release|Any CPU = Release|Any CPU
	EndGlobalSection
	GlobalSection(ProjectConfigurationPlatforms) = postSolution
		{778195F6-E6B3-4E1C-AEB9-DABB628C4B67}.Debug|Any CPU.ActiveCfg = Debug|Any CPU
		{778195F6-E6B3-4E1C-AEB9-DABB628C4B67}.Debug|Any CPU.Build.0 = Debug|Any CPU
		{778195F6-E6B3-4E1C-AEB9-DABB628C4B67}.Release|Any CPU.ActiveCfg = Release|Any CPU
		{778195F6-E6B3-4E1C-AEB9-DABB628C4B67}.Release|Any CPU.Build.0 = Release|Any CPU
	EndGlobalSection
EndGlobal
